
Microsoft Visual Studio Solution File, Format Version 12.00
# Visual Studio Version 17
VisualStudioVersion = 17.8.34322.80
MinimumVisualStudioVersion = 10.0.40219.1
Project("{9A19103F-16F7-4668-BE54-9A1E7A4F7556}") = "Car_Rental_System_CaseStudy", "..\Car_Rental_System_CaseStudy\Car_Rental_System_CaseStudy.csproj", "{7FFBE63F-FF01-4923-A199-551E5B63BB4A}"
EndProject
Project("{9A19103F-16F7-4668-BE54-9A1E7A4F7556}") = "CarRentalSystem_CaseStudy_Final", "..\CarRentalSystem_CaseStudy_Final\CarRentalSystem_CaseStudy_Final.csproj", "{340640E7-DEF9-422D-AED1-BF6395282F3D}"
EndProject
Project("{FAE04EC0-301F-11D3-BF4B-00C04F79EFBC}") = "CarRentalSystemTest", "Test_CarRentalSystem\CarRentalSystemTest.csproj", "{C4987092-83EA-480B-A350-9652B32202D1}"
EndProject
Global
	GlobalSection(SolutionConfigurationPlatforms) = preSolution
		Debug|Any CPU = Debug|Any CPU
		Release|Any CPU = Release|Any CPU
	EndGlobalSection
	GlobalSection(ProjectConfigurationPlatforms) = postSolution
		{7FFBE63F-FF01-4923-A199-551E5B63BB4A}.Debug|Any CPU.ActiveCfg = Debug|Any CPU
		{7FFBE63F-FF01-4923-A199-551E5B63BB4A}.Debug|Any CPU.Build.0 = Debug|Any CPU
		{7FFBE63F-FF01-4923-A199-551E5B63BB4A}.Release|Any CPU.ActiveCfg = Release|Any CPU
		{7FFBE63F-FF01-4923-A199-551E5B63BB4A}.Release|Any CPU.Build.0 = Release|Any CPU
		{340640E7-DEF9-422D-AED1-BF6395282F3D}.Debug|Any CPU.ActiveCfg = Debug|Any CPU
		{340640E7-DEF9-422D-AED1-BF6395282F3D}.Debug|Any CPU.Build.0 = Debug|Any CPU
		{340640E7-DEF9-422D-AED1-BF6395282F3D}.Release|Any CPU.ActiveCfg = Release|Any CPU
		{340640E7-DEF9-422D-AED1-BF6395282F3D}.Release|Any CPU.Build.0 = Release|Any CPU
		{C4987092-83EA-480B-A350-9652B32202D1}.Debug|Any CPU.ActiveCfg = Debug|Any CPU
		{C4987092-83EA-480B-A350-9652B32202D1}.Debug|Any CPU.Build.0 = Debug|Any CPU
		{C4987092-83EA-480B-A350-9652B32202D1}.Release|Any CPU.ActiveCfg = Release|Any CPU
		{C4987092-83EA-480B-A350-9652B32202D1}.Release|Any CPU.Build.0 = Release|Any CPU
	EndGlobalSection
	GlobalSection(SolutionProperties) = preSolution
		HideSolutionNode = FALSE
	EndGlobalSection
	GlobalSection(ExtensibilityGlobals) = postSolution
		SolutionGuid = {5EBD2ABF-2956-4FDA-B0AD-E2F5F0C7CE7D}
	EndGlobalSection
EndGlobal
